
Microsoft Visual Studio Solution File, Format Version 12.00
# Visual Studio Version 16
VisualStudioVersion = 16.0.31702.278
MinimumVisualStudioVersion = 10.0.40219.1
Project("{FAE04EC0-301F-11D3-BF4B-00C04F79EFBC}") = "CRUD-NET-Core-Web-API-Dapper", "CRUD-NET-Core-Web-API-Dapper.csproj", "{99488F91-4F3A-4F02-8377-20AC119F69E0}"
EndProject
Global
	GlobalSection(SolutionConfigurationPlatforms) = preSolution
		Debug|Any CPU = Debug|Any CPU
		Release|Any CPU = Release|Any CPU
	EndGlobalSection
	GlobalSection(ProjectConfigurationPlatforms) = postSolution
		{99488F91-4F3A-4F02-8377-20AC119F69E0}.Debug|Any CPU.ActiveCfg = Debug|Any CPU
		{99488F91-4F3A-4F02-8377-20AC119F69E0}.Debug|Any CPU.Build.0 = Debug|Any CPU
		{99488F91-4F3A-4F02-8377-20AC119F69E0}.Release|Any CPU.ActiveCfg = Release|Any CPU
		{99488F91-4F3A-4F02-8377-20AC119F69E0}.Release|Any CPU.Build.0 = Release|Any CPU
	EndGlobalSection
	GlobalSection(SolutionProperties) = preSolution
		HideSolutionNode = FALSE
	EndGlobalSection
	GlobalSection(ExtensibilityGlobals) = postSolution
		SolutionGuid = {94448AD0-CAEF-4302-BD6E-D3F9163E0F18}
	EndGlobalSection
EndGlobal
